// !$*UTF8*$!
{
	archiveVersion = 1;
	classes = {
	};
	objectVersion = 46;
	objects = {

/* Begin PBXBuildFile section */
		07F48B980A871A83EE223E28 /* Pods_ListenIn.framework in Frameworks */ = {isa = PBXBuildFile; fileRef = E7C8203EE44DDF40CBC2DF00 /* Pods_ListenIn.framework */; };
		EF09B4581D3D45C3008251A2 /* SongScraper.swift in Sources */ = {isa = PBXBuildFile; fileRef = EF09B4571D3D45C3008251A2 /* SongScraper.swift */; };
		EF09B45A1D3D51E4008251A2 /* PlaylistAutoGenerator.swift in Sources */ = {isa = PBXBuildFile; fileRef = EF09B4591D3D51E4008251A2 /* PlaylistAutoGenerator.swift */; };
		EF2B4FD51D46AC7100937AC5 /* FollowingTableViewController.swift in Sources */ = {isa = PBXBuildFile; fileRef = EF2B4FD41D46AC7100937AC5 /* FollowingTableViewController.swift */; };
		EF2B4FD71D46AC8F00937AC5 /* FollowingTableViewCell.swift in Sources */ = {isa = PBXBuildFile; fileRef = EF2B4FD61D46AC8F00937AC5 /* FollowingTableViewCell.swift */; };
		EF36DEDB1D52B2BD00233FDC /* Main.storyboard in Resources */ = {isa = PBXBuildFile; fileRef = EF36DEDA1D52B2BD00233FDC /* Main.storyboard */; };
		EF5B8C6D1D47CEA00095FC4F /* AddFollowersTableViewController.swift in Sources */ = {isa = PBXBuildFile; fileRef = EF5B8C6C1D47CEA00095FC4F /* AddFollowersTableViewController.swift */; };
		EF5B8C6F1D47CEB90095FC4F /* AddFollowersTableViewCell.swift in Sources */ = {isa = PBXBuildFile; fileRef = EF5B8C6E1D47CEB90095FC4F /* AddFollowersTableViewCell.swift */; };
		EF622DC01D36BC6700205419 /* Spotify.framework in Frameworks */ = {isa = PBXBuildFile; fileRef = EF622DBF1D36BC6700205419 /* Spotify.framework */; };
		EF622DC91D3707F500205419 /* PlaylistGeneratorSelectionController.swift in Sources */ = {isa = PBXBuildFile; fileRef = EF622DC81D3707F500205419 /* PlaylistGeneratorSelectionController.swift */; };
		EF70BCD11D59378400516CC5 /* MusicManager.swift in Sources */ = {isa = PBXBuildFile; fileRef = EF70BCD01D59378400516CC5 /* MusicManager.swift */; };
		EF70BCD31D593A9800516CC5 /* MusicManagerTableViewCell.swift in Sources */ = {isa = PBXBuildFile; fileRef = EF70BCD21D593A9800516CC5 /* MusicManagerTableViewCell.swift */; };
		EFDE0A901D359BC1008748F2 /* AppDelegate.swift in Sources */ = {isa = PBXBuildFile; fileRef = EFDE0A8F1D359BC1008748F2 /* AppDelegate.swift */; };
		EFDE0A921D359BC1008748F2 /* ViewController.swift in Sources */ = {isa = PBXBuildFile; fileRef = EFDE0A911D359BC1008748F2 /* ViewController.swift */; };
		EFDE0A971D359BC1008748F2 /* Assets.xcassets in Resources */ = {isa = PBXBuildFile; fileRef = EFDE0A961D359BC1008748F2 /* Assets.xcassets */; };
		EFDE0A9A1D359BC1008748F2 /* LaunchScreen.storyboard in Resources */ = {isa = PBXBuildFile; fileRef = EFDE0A981D359BC1008748F2 /* LaunchScreen.storyboard */; };
		EFDE0AA51D35B246008748F2 /* AVFoundation.framework in Frameworks */ = {isa = PBXBuildFile; fileRef = EFDE0AA41D35B246008748F2 /* AVFoundation.framework */; };
		EFF387671D3EE89A003BE237 /* PlaylistTableViewCell.swift in Sources */ = {isa = PBXBuildFile; fileRef = EFF387661D3EE89A003BE237 /* PlaylistTableViewCell.swift */; };
		EFFDD9451D42884700768DF2 /* GoogleService-Info.plist in Resources */ = {isa = PBXBuildFile; fileRef = EFFDD9441D42884700768DF2 /* GoogleService-Info.plist */; };
/* End PBXBuildFile section */

/* Begin PBXFileReference section */
		33E8BDF9B4CDED24E57D8C5F /* Pods-ListenIn.release.xcconfig */ = {isa = PBXFileReference; includeInIndex = 1; lastKnownFileType = text.xcconfig; name = "Pods-ListenIn.release.xcconfig"; path = "Pods/Target Support Files/Pods-ListenIn/Pods-ListenIn.release.xcconfig"; sourceTree = "<group>"; };
		9A318E2943C515063B8DC3DD /* Pods-ListenIn.debug.xcconfig */ = {isa = PBXFileReference; includeInIndex = 1; lastKnownFileType = text.xcconfig; name = "Pods-ListenIn.debug.xcconfig"; path = "Pods/Target Support Files/Pods-ListenIn/Pods-ListenIn.debug.xcconfig"; sourceTree = "<group>"; };
		E7C8203EE44DDF40CBC2DF00 /* Pods_ListenIn.framework */ = {isa = PBXFileReference; explicitFileType = wrapper.framework; includeInIndex = 0; path = Pods_ListenIn.framework; sourceTree = BUILT_PRODUCTS_DIR; };
		EF09B4571D3D45C3008251A2 /* SongScraper.swift */ = {isa = PBXFileReference; fileEncoding = 4; lastKnownFileType = sourcecode.swift; name = SongScraper.swift; path = ListenIn/SongScraper.swift; sourceTree = "<group>"; };
		EF09B4591D3D51E4008251A2 /* PlaylistAutoGenerator.swift */ = {isa = PBXFileReference; fileEncoding = 4; lastKnownFileType = sourcecode.swift; path = PlaylistAutoGenerator.swift; sourceTree = "<group>"; };
		EF2B4FD41D46AC7100937AC5 /* FollowingTableViewController.swift */ = {isa = PBXFileReference; fileEncoding = 4; lastKnownFileType = sourcecode.swift; path = FollowingTableViewController.swift; sourceTree = "<group>"; };
		EF2B4FD61D46AC8F00937AC5 /* FollowingTableViewCell.swift */ = {isa = PBXFileReference; fileEncoding = 4; lastKnownFileType = sourcecode.swift; path = FollowingTableViewCell.swift; sourceTree = "<group>"; };
		EF36DEDA1D52B2BD00233FDC /* Main.storyboard */ = {isa = PBXFileReference; fileEncoding = 4; lastKnownFileType = file.storyboard; path = Main.storyboard; sourceTree = "<group>"; };
		EF5B8C6C1D47CEA00095FC4F /* AddFollowersTableViewController.swift */ = {isa = PBXFileReference; fileEncoding = 4; lastKnownFileType = sourcecode.swift; path = AddFollowersTableViewController.swift; sourceTree = "<group>"; };
		EF5B8C6E1D47CEB90095FC4F /* AddFollowersTableViewCell.swift */ = {isa = PBXFileReference; fileEncoding = 4; lastKnownFileType = sourcecode.swift; path = AddFollowersTableViewCell.swift; sourceTree = "<group>"; };
		EF622DBF1D36BC6700205419 /* Spotify.framework */ = {isa = PBXFileReference; lastKnownFileType = wrapper.framework; path = Spotify.framework; sourceTree = "<group>"; };
		EF622DC41D36BCD900205419 /* ListenIn-Bridging-Header.h */ = {isa = PBXFileReference; fileEncoding = 4; lastKnownFileType = sourcecode.c.h; path = "ListenIn-Bridging-Header.h"; sourceTree = "<group>"; };
		EF622DC81D3707F500205419 /* PlaylistGeneratorSelectionController.swift */ = {isa = PBXFileReference; fileEncoding = 4; lastKnownFileType = sourcecode.swift; path = PlaylistGeneratorSelectionController.swift; sourceTree = "<group>"; };
		EF70BCD01D59378400516CC5 /* MusicManager.swift */ = {isa = PBXFileReference; fileEncoding = 4; lastKnownFileType = sourcecode.swift; path = MusicManager.swift; sourceTree = "<group>"; };
		EF70BCD21D593A9800516CC5 /* MusicManagerTableViewCell.swift */ = {isa = PBXFileReference; fileEncoding = 4; lastKnownFileType = sourcecode.swift; path = MusicManagerTableViewCell.swift; sourceTree = "<group>"; };
		EFDE0A8C1D359BC1008748F2 /* ListenIn.app */ = {isa = PBXFileReference; explicitFileType = wrapper.application; includeInIndex = 0; path = ListenIn.app; sourceTree = BUILT_PRODUCTS_DIR; };
		EFDE0A8F1D359BC1008748F2 /* AppDelegate.swift */ = {isa = PBXFileReference; lastKnownFileType = sourcecode.swift; path = AppDelegate.swift; sourceTree = "<group>"; };
		EFDE0A911D359BC1008748F2 /* ViewController.swift */ = {isa = PBXFileReference; lastKnownFileType = sourcecode.swift; path = ViewController.swift; sourceTree = "<group>"; };
		EFDE0A961D359BC1008748F2 /* Assets.xcassets */ = {isa = PBXFileReference; lastKnownFileType = folder.assetcatalog; path = Assets.xcassets; sourceTree = "<group>"; };
		EFDE0A991D359BC1008748F2 /* Base */ = {isa = PBXFileReference; lastKnownFileType = file.storyboard; name = Base; path = Base.lproj/LaunchScreen.storyboard; sourceTree = "<group>"; };
		EFDE0A9B1D359BC1008748F2 /* Info.plist */ = {isa = PBXFileReference; lastKnownFileType = text.plist.xml; path = Info.plist; sourceTree = "<group>"; };
		EFDE0AA41D35B246008748F2 /* AVFoundation.framework */ = {isa = PBXFileReference; lastKnownFileType = wrapper.framework; name = AVFoundation.framework; path = System/Library/Frameworks/AVFoundation.framework; sourceTree = SDKROOT; };
		EFF387661D3EE89A003BE237 /* PlaylistTableViewCell.swift */ = {isa = PBXFileReference; fileEncoding = 4; lastKnownFileType = sourcecode.swift; path = PlaylistTableViewCell.swift; sourceTree = "<group>"; };
		EFFDD9441D42884700768DF2 /* GoogleService-Info.plist */ = {isa = PBXFileReference; fileEncoding = 4; lastKnownFileType = text.plist.xml; path = "GoogleService-Info.plist"; sourceTree = "<group>"; };
/* End PBXFileReference section */

/* Begin PBXFrameworksBuildPhase section */
		EFDE0A891D359BC1008748F2 /* Frameworks */ = {
			isa = PBXFrameworksBuildPhase;
			buildActionMask = 2147483647;
			files = (
				EFDE0AA51D35B246008748F2 /* AVFoundation.framework in Frameworks */,
				EF622DC01D36BC6700205419 /* Spotify.framework in Frameworks */,
				07F48B980A871A83EE223E28 /* Pods_ListenIn.framework in Frameworks */,
			);
			runOnlyForDeploymentPostprocessing = 0;
		};
/* End PBXFrameworksBuildPhase section */

/* Begin PBXGroup section */
		7EB3F2B118B9FBA621A687FC /* Frameworks */ = {
			isa = PBXGroup;
			children = (
				E7C8203EE44DDF40CBC2DF00 /* Pods_ListenIn.framework */,
			);
			name = Frameworks;
			sourceTree = "<group>";
		};
		9C7042208C6CD9435313967F /* Pods */ = {
			isa = PBXGroup;
			children = (
				9A318E2943C515063B8DC3DD /* Pods-ListenIn.debug.xcconfig */,
				33E8BDF9B4CDED24E57D8C5F /* Pods-ListenIn.release.xcconfig */,
			);
			name = Pods;
			sourceTree = "<group>";
		};
		EF09B4561D3D4546008251A2 /* Helpers */ = {
			isa = PBXGroup;
			children = (
				EF09B4571D3D45C3008251A2 /* SongScraper.swift */,
			);
			name = Helpers;
			path = ..;
			sourceTree = "<group>";
		};
		EF622DC51D37079500205419 /* Support Files */ = {
			isa = PBXGroup;
			children = (
				EF622DC41D36BCD900205419 /* ListenIn-Bridging-Header.h */,
			);
			name = "Support Files";
			sourceTree = "<group>";
		};
		EFDE0A831D359BC0008748F2 = {
			isa = PBXGroup;
			children = (
				EFDE0A8E1D359BC1008748F2 /* ListenIn */,
				EFDE0A8D1D359BC1008748F2 /* Products */,
				9C7042208C6CD9435313967F /* Pods */,
				7EB3F2B118B9FBA621A687FC /* Frameworks */,
			);
			sourceTree = "<group>";
		};
		EFDE0A8D1D359BC1008748F2 /* Products */ = {
			isa = PBXGroup;
			children = (
				EFDE0A8C1D359BC1008748F2 /* ListenIn.app */,
			);
			name = Products;
			sourceTree = "<group>";
		};
		EFDE0A8E1D359BC1008748F2 /* ListenIn */ = {
			isa = PBXGroup;
			children = (
				EF09B4561D3D4546008251A2 /* Helpers */,
				EFDE0A8F1D359BC1008748F2 /* AppDelegate.swift */,
				EFDE0A911D359BC1008748F2 /* ViewController.swift */,
				EF09B4591D3D51E4008251A2 /* PlaylistAutoGenerator.swift */,
				EFF387661D3EE89A003BE237 /* PlaylistTableViewCell.swift */,
				EF2B4FD41D46AC7100937AC5 /* FollowingTableViewController.swift */,
				EF2B4FD61D46AC8F00937AC5 /* FollowingTableViewCell.swift */,
				EF5B8C6C1D47CEA00095FC4F /* AddFollowersTableViewController.swift */,
				EF5B8C6E1D47CEB90095FC4F /* AddFollowersTableViewCell.swift */,
				EF70BCD01D59378400516CC5 /* MusicManager.swift */,
				EF70BCD21D593A9800516CC5 /* MusicManagerTableViewCell.swift */,
				EF36DEDA1D52B2BD00233FDC /* Main.storyboard */,
				EFDE0A961D359BC1008748F2 /* Assets.xcassets */,
				EFDE0A981D359BC1008748F2 /* LaunchScreen.storyboard */,
				EFDE0A9B1D359BC1008748F2 /* Info.plist */,
				EFFDD9441D42884700768DF2 /* GoogleService-Info.plist */,
				EF622DC81D3707F500205419 /* PlaylistGeneratorSelectionController.swift */,
				EFDE0AA11D359C95008748F2 /* Frameworks */,
				EF622DC51D37079500205419 /* Support Files */,
			);
			path = ListenIn;
			sourceTree = "<group>";
		};
		EFDE0AA11D359C95008748F2 /* Frameworks */ = {
			isa = PBXGroup;
			children = (
				EF622DBF1D36BC6700205419 /* Spotify.framework */,
				EFDE0AA41D35B246008748F2 /* AVFoundation.framework */,
			);
			name = Frameworks;
			sourceTree = "<group>";
		};
/* End PBXGroup section */

/* Begin PBXNativeTarget section */
		EFDE0A8B1D359BC1008748F2 /* ListenIn */ = {
			isa = PBXNativeTarget;
			buildConfigurationList = EFDE0A9E1D359BC1008748F2 /* Build configuration list for PBXNativeTarget "ListenIn" */;
			buildPhases = (
				C09496A4030C9D41BC5E3831 /* [CP] Check Pods Manifest.lock */,
				EFDE0A881D359BC1008748F2 /* Sources */,
				EFDE0A891D359BC1008748F2 /* Frameworks */,
				EFDE0A8A1D359BC1008748F2 /* Resources */,
				EB7C0665614A0C93D2D4F457 /* [CP] Embed Pods Frameworks */,
				5197F133A01EC4D3D5166C13 /* [CP] Copy Pods Resources */,
			);
			buildRules = (
			);
			dependencies = (
			);
			name = ListenIn;
			productName = ListenIn;
			productReference = EFDE0A8C1D359BC1008748F2 /* ListenIn.app */;
			productType = "com.apple.product-type.application";
		};
/* End PBXNativeTarget section */

/* Begin PBXProject section */
		EFDE0A841D359BC1008748F2 /* Project object */ = {
			isa = PBXProject;
			attributes = {
				LastSwiftUpdateCheck = 0730;
				LastUpgradeCheck = 0730;
				ORGANIZATIONNAME = "Sam Lee";
				TargetAttributes = {
					EFDE0A8B1D359BC1008748F2 = {
						CreatedOnToolsVersion = 7.3.1;
					};
				};
			};
			buildConfigurationList = EFDE0A871D359BC1008748F2 /* Build configuration list for PBXProject "ListenIn" */;
			compatibilityVersion = "Xcode 3.2";
			developmentRegion = English;
			hasScannedForEncodings = 0;
			knownRegions = (
				en,
				Base,
			);
			mainGroup = EFDE0A831D359BC0008748F2;
			productRefGroup = EFDE0A8D1D359BC1008748F2 /* Products */;
			projectDirPath = "";
			projectRoot = "";
			targets = (
				EFDE0A8B1D359BC1008748F2 /* ListenIn */,
			);
		};
/* End PBXProject section */

/* Begin PBXResourcesBuildPhase section */
		EFDE0A8A1D359BC1008748F2 /* Resources */ = {
			isa = PBXResourcesBuildPhase;
			buildActionMask = 2147483647;
			files = (
				EFDE0A9A1D359BC1008748F2 /* LaunchScreen.storyboard in Resources */,
				EFFDD9451D42884700768DF2 /* GoogleService-Info.plist in Resources */,
				EFDE0A971D359BC1008748F2 /* Assets.xcassets in Resources */,
				EF36DEDB1D52B2BD00233FDC /* Main.storyboard in Resources */,
			);
			runOnlyForDeploymentPostprocessing = 0;
		};
/* End PBXResourcesBuildPhase section */

/* Begin PBXShellScriptBuildPhase section */
		5197F133A01EC4D3D5166C13 /* [CP] Copy Pods Resources */ = {
			isa = PBXShellScriptBuildPhase;
			buildActionMask = 2147483647;
			files = (
			);
			inputPaths = (
			);
			name = "[CP] Copy Pods Resources";
			outputPaths = (
			);
			runOnlyForDeploymentPostprocessing = 0;
			shellPath = /bin/sh;
			shellScript = "\"${SRCROOT}/Pods/Target Support Files/Pods-ListenIn/Pods-ListenIn-resources.sh\"\n";
			showEnvVarsInLog = 0;
		};
		C09496A4030C9D41BC5E3831 /* [CP] Check Pods Manifest.lock */ = {
			isa = PBXShellScriptBuildPhase;
			buildActionMask = 2147483647;
			files = (
			);
			inputPaths = (
			);
			name = "[CP] Check Pods Manifest.lock";
			outputPaths = (
			);
			runOnlyForDeploymentPostprocessing = 0;
			shellPath = /bin/sh;
			shellScript = "diff \"${PODS_ROOT}/../Podfile.lock\" \"${PODS_ROOT}/Manifest.lock\" > /dev/null\nif [[ $? != 0 ]] ; then\n    cat << EOM\nerror: The sandbox is not in sync with the Podfile.lock. Run 'pod install' or update your CocoaPods installation.\nEOM\n    exit 1\nfi\n";
			showEnvVarsInLog = 0;
		};
		EB7C0665614A0C93D2D4F457 /* [CP] Embed Pods Frameworks */ = {
			isa = PBXShellScriptBuildPhase;
			buildActionMask = 2147483647;
			files = (
			);
			inputPaths = (
			);
			name = "[CP] Embed Pods Frameworks";
			outputPaths = (
			);
			runOnlyForDeploymentPostprocessing = 0;
			shellPath = /bin/sh;
			shellScript = "\"${SRCROOT}/Pods/Target Support Files/Pods-ListenIn/Pods-ListenIn-frameworks.sh\"\n";
			showEnvVarsInLog = 0;
		};
/* End PBXShellScriptBuildPhase section */

/* Begin PBXSourcesBuildPhase section */
		EFDE0A881D359BC1008748F2 /* Sources */ = {
			isa = PBXSourcesBuildPhase;
			buildActionMask = 2147483647;
			files = (
				EFDE0A921D359BC1008748F2 /* ViewController.swift in Sources */,
				EF622DC91D3707F500205419 /* PlaylistGeneratorSelectionController.swift in Sources */,
				EF2B4FD51D46AC7100937AC5 /* FollowingTableViewController.swift in Sources */,
				EF2B4FD71D46AC8F00937AC5 /* FollowingTableViewCell.swift in Sources */,
				EF70BCD11D59378400516CC5 /* MusicManager.swift in Sources */,
				EF70BCD31D593A9800516CC5 /* MusicManagerTableViewCell.swift in Sources */,
				EF09B45A1D3D51E4008251A2 /* PlaylistAutoGenerator.swift in Sources */,
				EF5B8C6F1D47CEB90095FC4F /* AddFollowersTableViewCell.swift in Sources */,
				EFDE0A901D359BC1008748F2 /* AppDelegate.swift in Sources */,
				EF5B8C6D1D47CEA00095FC4F /* AddFollowersTableViewController.swift in Sources */,
				EF09B4581D3D45C3008251A2 /* SongScraper.swift in Sources */,
				EFF387671D3EE89A003BE237 /* PlaylistTableViewCell.swift in Sources */,
			);
			runOnlyForDeploymentPostprocessing = 0;
		};
/* End PBXSourcesBuildPhase section */

/* Begin PBXVariantGroup section */
		EFDE0A981D359BC1008748F2 /* LaunchScreen.storyboard */ = {
			isa = PBXVariantGroup;
			children = (
				EFDE0A991D359BC1008748F2 /* Base */,
			);
			name = LaunchScreen.storyboard;
			sourceTree = "<group>";
		};
/* End PBXVariantGroup section */

/* Begin XCBuildConfiguration section */
		EFDE0A9C1D359BC1008748F2 /* Debug */ = {
			isa = XCBuildConfiguration;
			buildSettings = {
				ALWAYS_SEARCH_USER_PATHS = NO;
				CLANG_ANALYZER_NONNULL = YES;
				CLANG_CXX_LANGUAGE_STANDARD = "gnu++0x";
				CLANG_CXX_LIBRARY = "libc++";
				CLANG_ENABLE_MODULES = YES;
				CLANG_ENABLE_OBJC_ARC = YES;
				CLANG_WARN_BOOL_CONVERSION = YES;
				CLANG_WARN_CONSTANT_CONVERSION = YES;
				CLANG_WARN_DIRECT_OBJC_ISA_USAGE = YES_ERROR;
				CLANG_WARN_EMPTY_BODY = YES;
				CLANG_WARN_ENUM_CONVERSION = YES;
				CLANG_WARN_INT_CONVERSION = YES;
				CLANG_WARN_OBJC_ROOT_CLASS = YES_ERROR;
				CLANG_WARN_UNREACHABLE_CODE = YES;
				CLANG_WARN__DUPLICATE_METHOD_MATCH = YES;
				"CODE_SIGN_IDENTITY[sdk=iphoneos*]" = "iPhone Developer";
				COPY_PHASE_STRIP = NO;
				DEBUG_INFORMATION_FORMAT = dwarf;
				ENABLE_STRICT_OBJC_MSGSEND = YES;
				ENABLE_TESTABILITY = YES;
				GCC_C_LANGUAGE_STANDARD = gnu99;
				GCC_DYNAMIC_NO_PIC = NO;
				GCC_NO_COMMON_BLOCKS = YES;
				GCC_OPTIMIZATION_LEVEL = 0;
				GCC_PREPROCESSOR_DEFINITIONS = (
					"DEBUG=1",
					"$(inherited)",
				);
				GCC_WARN_64_TO_32_BIT_CONVERSION = YES;
				GCC_WARN_ABOUT_RETURN_TYPE = YES_ERROR;
				GCC_WARN_UNDECLARED_SELECTOR = YES;
				GCC_WARN_UNINITIALIZED_AUTOS = YES_AGGRESSIVE;
				GCC_WARN_UNUSED_FUNCTION = YES;
				GCC_WARN_UNUSED_VARIABLE = YES;
				IPHONEOS_DEPLOYMENT_TARGET = 9.3;
				MTL_ENABLE_DEBUG_INFO = YES;
				ONLY_ACTIVE_ARCH = YES;
				SDKROOT = iphoneos;
				SWIFT_INSTALL_OBJC_HEADER = NO;
				SWIFT_OBJC_BRIDGING_HEADER = "";
				SWIFT_OPTIMIZATION_LEVEL = "-Onone";
			};
			name = Debug;
		};
		EFDE0A9D1D359BC1008748F2 /* Release */ = {
			isa = XCBuildConfiguration;
			buildSettings = {
				ALWAYS_SEARCH_USER_PATHS = NO;
				CLANG_ANALYZER_NONNULL = YES;
				CLANG_CXX_LANGUAGE_STANDARD = "gnu++0x";
				CLANG_CXX_LIBRARY = "libc++";
				CLANG_ENABLE_MODULES = YES;
				CLANG_ENABLE_OBJC_ARC = YES;
				CLANG_WARN_BOOL_CONVERSION = YES;
				CLANG_WARN_CONSTANT_CONVERSION = YES;
				CLANG_WARN_DIRECT_OBJC_ISA_USAGE = YES_ERROR;
				CLANG_WARN_EMPTY_BODY = YES;
				CLANG_WARN_ENUM_CONVERSION = YES;
				CLANG_WARN_INT_CONVERSION = YES;
				CLANG_WARN_OBJC_ROOT_CLASS = YES_ERROR;
				CLANG_WARN_UNREACHABLE_CODE = YES;
				CLANG_WARN__DUPLICATE_METHOD_MATCH = YES;
				"CODE_SIGN_IDENTITY[sdk=iphoneos*]" = "iPhone Developer";
				COPY_PHASE_STRIP = NO;
				DEBUG_INFORMATION_FORMAT = "dwarf-with-dsym";
				ENABLE_NS_ASSERTIONS = NO;
				ENABLE_STRICT_OBJC_MSGSEND = YES;
				GCC_C_LANGUAGE_STANDARD = gnu99;
				GCC_NO_COMMON_BLOCKS = YES;
				GCC_WARN_64_TO_32_BIT_CONVERSION = YES;
				GCC_WARN_ABOUT_RETURN_TYPE = YES_ERROR;
				GCC_WARN_UNDECLARED_SELECTOR = YES;
				GCC_WARN_UNINITIALIZED_AUTOS = YES_AGGRESSIVE;
				GCC_WARN_UNUSED_FUNCTION = YES;
				GCC_WARN_UNUSED_VARIABLE = YES;
				IPHONEOS_DEPLOYMENT_TARGET = 9.3;
				MTL_ENABLE_DEBUG_INFO = NO;
				SDKROOT = iphoneos;
				SWIFT_INSTALL_OBJC_HEADER = NO;
				SWIFT_OBJC_BRIDGING_HEADER = "";
				VALIDATE_PRODUCT = YES;
			};
			name = Release;
		};
		EFDE0A9F1D359BC1008748F2 /* Debug */ = {
			isa = XCBuildConfiguration;
			baseConfigurationReference = 9A318E2943C515063B8DC3DD /* Pods-ListenIn.debug.xcconfig */;
			buildSettings = {
				ASSETCATALOG_COMPILER_APPICON_NAME = AppIcon;
				FRAMEWORK_SEARCH_PATHS = (
					"$(inherited)",
					"$(PROJECT_DIR)/ListenIn",
				);
				INFOPLIST_FILE = ListenIn/Info.plist;
				LD_RUNPATH_SEARCH_PATHS = "$(inherited) @executable_path/Frameworks";
				OTHER_LDFLAGS = (
					"-ObjC",
					"$(inherited)",
				);
				PRODUCT_BUNDLE_IDENTIFIER = com.samL.ListenIn;
				PRODUCT_NAME = "$(TARGET_NAME)";
				SWIFT_INSTALL_OBJC_HEADER = YES;
				SWIFT_OBJC_BRIDGING_HEADER = "ListenIn/ListenIn-Bridging-Header.h";
			};
			name = Debug;
		};
		EFDE0AA01D359BC1008748F2 /* Release */ = {
			isa = XCBuildConfiguration;
			baseConfigurationReference = 33E8BDF9B4CDED24E57D8C5F /* Pods-ListenIn.release.xcconfig */;
			buildSettings = {
				ASSETCATALOG_COMPILER_APPICON_NAME = AppIcon;
				FRAMEWORK_SEARCH_PATHS = (
					"$(inherited)",
					"$(PROJECT_DIR)/ListenIn",
				);
				INFOPLIST_FILE = ListenIn/Info.plist;
				LD_RUNPATH_SEARCH_PATHS = "$(inherited) @executable_path/Frameworks";
				OTHER_LDFLAGS = (
					"-ObjC",
					"$(inherited)",
				);
				PRODUCT_BUNDLE_IDENTIFIER = com.samL.ListenIn;
				PRODUCT_NAME = "$(TARGET_NAME)";
				SWIFT_INSTALL_OBJC_HEADER = YES;
				SWIFT_OBJC_BRIDGING_HEADER = "ListenIn/ListenIn-Bridging-Header.h";
			};
			name = Release;
		};
/* End XCBuildConfiguration section */

/* Begin XCConfigurationList section */
		EFDE0A871D359BC1008748F2 /* Build configuration list for PBXProject "ListenIn" */ = {
			isa = XCConfigurationList;
			buildConfigurations = (
				EFDE0A9C1D359BC1008748F2 /* Debug */,
				EFDE0A9D1D359BC1008748F2 /* Release */,
			);
			defaultConfigurationIsVisible = 0;
			defaultConfigurationName = Release;
		};
		EFDE0A9E1D359BC1008748F2 /* Build configuration list for PBXNativeTarget "ListenIn" */ = {
			isa = XCConfigurationList;
			buildConfigurations = (
				EFDE0A9F1D359BC1008748F2 /* Debug */,
				EFDE0AA01D359BC1008748F2 /* Release */,
			);
			defaultConfigurationIsVisible = 0;
			defaultConfigurationName = Release;
		};
/* End XCConfigurationList section */
	};
	rootObject = EFDE0A841D359BC1008748F2 /* Project object */;
}
